{
    "_readme": [
        "This file locks the dependencies of your project to a known state",
        "Read more about it at https://getcomposer.org/doc/01-basic-usage.md#composer-lock-the-lock-file",
        "This file is @generated automatically"
    ],
    "hash": "02d7ed3b2b1e7c193a30509c0a040c15",
    "packages": [
        {
            "name": "corneltek/pux",
            "version": "1.5.2",
            "source": {
                "type": "git",
                "url": "https://github.com/c9s/Pux.git",
                "reference": "7776cfdd7e4f268fb5aaa781aee406b6d6486f8e"
            },
            "dist": {
                "type": "zip",
                "url": "https://api.github.com/repos/c9s/Pux/zipball/7776cfdd7e4f268fb5aaa781aee406b6d6486f8e",
                "reference": "7776cfdd7e4f268fb5aaa781aee406b6d6486f8e",
                "shasum": ""
            },
            "require-dev": {
                "corneltek/cliframework": "dev-master",
                "corneltek/phpunit-testmore": "dev-master",
                "corneltek/universal": "dev-master"
            },
            "type": "library",
            "autoload": {
                "psr-0": {
                    "Pux": "src"
                }
            },
            "notification-url": "https://packagist.org/downloads/",
            "authors": [
                {
                    "name": "c9s",
                    "email": "cornelius.howl@gmail.com"
                }
            ],
            "description": "Fast PHP router",
            "time": "2014-09-29 15:36:44"
        },
        {
            "name": "pyrocms/lex",
            "version": "2.3.2",
            "source": {
                "type": "git",
                "url": "https://github.com/pyrocms/lex.git",
                "reference": "8617ceb3c1aaba84cfcc2ee063c98eca5c6700f5"
            },
            "dist": {
                "type": "zip",
                "url": "https://api.github.com/repos/pyrocms/lex/zipball/8617ceb3c1aaba84cfcc2ee063c98eca5c6700f5",
                "reference": "8617ceb3c1aaba84cfcc2ee063c98eca5c6700f5",
                "shasum": ""
            },
            "require": {
                "php": ">=5.3.0"
            },
            "replace": {
                "fuel/lex": "*"
            },
            "type": "library",
            "autoload": {
                "psr-0": {
                    "Lex": "lib/"
                }
            },
            "notification-url": "https://packagist.org/downloads/",
            "license": [
                "MIT"
            ],
            "authors": [
                {
                    "name": "Dan Horrigan",
                    "email": "dan@dhorrigan.com",
                    "homepage": "http://dhorrigan.com",
                    "role": "Lead Developer"
                }
            ],
            "description": "A lightweight template parser.",
            "keywords": [
                "parser",
                "template"
            ],
            "time": "2014-02-07 03:39:58"
        }
    ],
    "packages-dev": [],
    "aliases": [],
    "minimum-stability": "stable",
    "stability-flags": [],
    "prefer-stable": false,
    "prefer-lowest": false,
    "platform": {
        "php": "~5.4"
    },
    "platform-dev": []
}
